
Microsoft Visual Studio Solution File, Format Version 12.00
Project("{2150E333-8FDC-42A3-9474-1A3956D46DE8}") = "src", "src", "{30DEAA13-50DD-4B0B-A4E0-179F00D76CCB}"
EndProject
Project("{2150E333-8FDC-42A3-9474-1A3956D46DE8}") = "tests", "tests", "{F7A37B67-3EAF-4127-B4EB-379C30F7E6A9}"
EndProject
Project("{FAE04EC0-301F-11D3-BF4B-00C04F79EFBC}") = "Duru.Tests", "Duru.Tests\Duru.Tests.csproj", "{7AFDD63A-AB8E-4800-9572-67369CD85299}"
EndProject
Project("{FAE04EC0-301F-11D3-BF4B-00C04F79EFBC}") = "Duru.UI", "Duru.UI\Duru.UI.csproj", "{C9EE2B51-B532-4113-BAA0-AC1ECAF187AF}"
EndProject
Project("{FAE04EC0-301F-11D3-BF4B-00C04F79EFBC}") = "Duru.UI.App", "Duru.UI.App\Duru.UI.App.csproj", "{50940CA6-475F-4F0E-A3CD-E4A4E5714ED8}"
EndProject
Project("{FAE04EC0-301F-11D3-BF4B-00C04F79EFBC}") = "Duru.UI.Data", "Duru.UI.Data\Duru.UI.Data.csproj", "{704CC108-0B24-4A73-8DCA-6210A68A8840}"
EndProject
Project("{FAE04EC0-301F-11D3-BF4B-00C04F79EFBC}") = "Duru.UI.ViewModel", "Duru.UI.ViewModel\Duru.UI.ViewModel.csproj", "{CBEFE9D5-FB41-4449-8DDB-79E75FA850F5}"
EndProject
Project("{FAE04EC0-301F-11D3-BF4B-00C04F79EFBC}") = "Duru.Resources", "Duru.Resources\Duru.Resources.csproj", "{0F418383-E387-42C8-9CF4-96B3605F178F}"
EndProject
Project("{FAE04EC0-301F-11D3-BF4B-00C04F79EFBC}") = "Duru.Library", "Duru.Library\Duru.Library.csproj", "{FB3B99E7-4579-4C43-A12C-28304FA84BA7}"
EndProject
Global
	GlobalSection(SolutionConfigurationPlatforms) = preSolution
		Debug|Any CPU = Debug|Any CPU
		Release|Any CPU = Release|Any CPU
	EndGlobalSection
	GlobalSection(ProjectConfigurationPlatforms) = postSolution
		{7AFDD63A-AB8E-4800-9572-67369CD85299}.Debug|Any CPU.ActiveCfg = Debug|Any CPU
		{7AFDD63A-AB8E-4800-9572-67369CD85299}.Debug|Any CPU.Build.0 = Debug|Any CPU
		{7AFDD63A-AB8E-4800-9572-67369CD85299}.Release|Any CPU.ActiveCfg = Release|Any CPU
		{7AFDD63A-AB8E-4800-9572-67369CD85299}.Release|Any CPU.Build.0 = Release|Any CPU
		{C9EE2B51-B532-4113-BAA0-AC1ECAF187AF}.Debug|Any CPU.ActiveCfg = Debug|Any CPU
		{C9EE2B51-B532-4113-BAA0-AC1ECAF187AF}.Debug|Any CPU.Build.0 = Debug|Any CPU
		{C9EE2B51-B532-4113-BAA0-AC1ECAF187AF}.Release|Any CPU.ActiveCfg = Release|Any CPU
		{C9EE2B51-B532-4113-BAA0-AC1ECAF187AF}.Release|Any CPU.Build.0 = Release|Any CPU
		{50940CA6-475F-4F0E-A3CD-E4A4E5714ED8}.Debug|Any CPU.ActiveCfg = Debug|Any CPU
		{50940CA6-475F-4F0E-A3CD-E4A4E5714ED8}.Debug|Any CPU.Build.0 = Debug|Any CPU
		{50940CA6-475F-4F0E-A3CD-E4A4E5714ED8}.Release|Any CPU.ActiveCfg = Release|Any CPU
		{50940CA6-475F-4F0E-A3CD-E4A4E5714ED8}.Release|Any CPU.Build.0 = Release|Any CPU
		{704CC108-0B24-4A73-8DCA-6210A68A8840}.Debug|Any CPU.ActiveCfg = Debug|Any CPU
		{704CC108-0B24-4A73-8DCA-6210A68A8840}.Debug|Any CPU.Build.0 = Debug|Any CPU
		{704CC108-0B24-4A73-8DCA-6210A68A8840}.Release|Any CPU.ActiveCfg = Release|Any CPU
		{704CC108-0B24-4A73-8DCA-6210A68A8840}.Release|Any CPU.Build.0 = Release|Any CPU
		{CBEFE9D5-FB41-4449-8DDB-79E75FA850F5}.Debug|Any CPU.ActiveCfg = Debug|Any CPU
		{CBEFE9D5-FB41-4449-8DDB-79E75FA850F5}.Debug|Any CPU.Build.0 = Debug|Any CPU
		{CBEFE9D5-FB41-4449-8DDB-79E75FA850F5}.Release|Any CPU.ActiveCfg = Release|Any CPU
		{CBEFE9D5-FB41-4449-8DDB-79E75FA850F5}.Release|Any CPU.Build.0 = Release|Any CPU
		{0F418383-E387-42C8-9CF4-96B3605F178F}.Debug|Any CPU.ActiveCfg = Debug|Any CPU
		{0F418383-E387-42C8-9CF4-96B3605F178F}.Debug|Any CPU.Build.0 = Debug|Any CPU
		{0F418383-E387-42C8-9CF4-96B3605F178F}.Release|Any CPU.ActiveCfg = Release|Any CPU
		{0F418383-E387-42C8-9CF4-96B3605F178F}.Release|Any CPU.Build.0 = Release|Any CPU
		{FB3B99E7-4579-4C43-A12C-28304FA84BA7}.Debug|Any CPU.ActiveCfg = Debug|Any CPU
		{FB3B99E7-4579-4C43-A12C-28304FA84BA7}.Debug|Any CPU.Build.0 = Debug|Any CPU
		{FB3B99E7-4579-4C43-A12C-28304FA84BA7}.Release|Any CPU.ActiveCfg = Release|Any CPU
		{FB3B99E7-4579-4C43-A12C-28304FA84BA7}.Release|Any CPU.Build.0 = Release|Any CPU
	EndGlobalSection
	GlobalSection(NestedProjects) = preSolution
		{7AFDD63A-AB8E-4800-9572-67369CD85299} = {F7A37B67-3EAF-4127-B4EB-379C30F7E6A9}
		{C9EE2B51-B532-4113-BAA0-AC1ECAF187AF} = {30DEAA13-50DD-4B0B-A4E0-179F00D76CCB}
		{50940CA6-475F-4F0E-A3CD-E4A4E5714ED8} = {30DEAA13-50DD-4B0B-A4E0-179F00D76CCB}
		{704CC108-0B24-4A73-8DCA-6210A68A8840} = {30DEAA13-50DD-4B0B-A4E0-179F00D76CCB}
		{CBEFE9D5-FB41-4449-8DDB-79E75FA850F5} = {30DEAA13-50DD-4B0B-A4E0-179F00D76CCB}
		{0F418383-E387-42C8-9CF4-96B3605F178F} = {30DEAA13-50DD-4B0B-A4E0-179F00D76CCB}
		{FB3B99E7-4579-4C43-A12C-28304FA84BA7} = {30DEAA13-50DD-4B0B-A4E0-179F00D76CCB}
	EndGlobalSection
EndGlobal
