
Microsoft Visual Studio Solution File, Format Version 12.00
Project("{FAE04EC0-301F-11D3-BF4B-00C04F79EFBC}") = "Duru.UI", "Duru.UI\Duru.UI.csproj", "{C37C5DD0-43E5-4679-A2A2-490D98112D75}"
EndProject
Project("{FAE04EC0-301F-11D3-BF4B-00C04F79EFBC}") = "Duru.Domain", "Duru.Domain\Duru.Domain.csproj", "{139CD07F-1ADA-41C6-A708-9ADE1C505E70}"
EndProject
Project("{FAE04EC0-301F-11D3-BF4B-00C04F79EFBC}") = "Duru.Application", "Duru.Application\Duru.Application.csproj", "{2D3140FF-3AFB-4EDE-9374-7DFA27E8E574}"
EndProject
Project("{FAE04EC0-301F-11D3-BF4B-00C04F79EFBC}") = "Duru.Infrastructure", "Duru.Infrastructure\Duru.Infrastructure.csproj", "{161472B6-F172-49D9-9DB8-AA227690446D}"
EndProject
Global
	GlobalSection(SolutionConfigurationPlatforms) = preSolution
		Debug|Any CPU = Debug|Any CPU
		Release|Any CPU = Release|Any CPU
	EndGlobalSection
	GlobalSection(ProjectConfigurationPlatforms) = postSolution
		{C37C5DD0-43E5-4679-A2A2-490D98112D75}.Debug|Any CPU.ActiveCfg = Debug|Any CPU
		{C37C5DD0-43E5-4679-A2A2-490D98112D75}.Debug|Any CPU.Build.0 = Debug|Any CPU
		{C37C5DD0-43E5-4679-A2A2-490D98112D75}.Release|Any CPU.ActiveCfg = Release|Any CPU
		{C37C5DD0-43E5-4679-A2A2-490D98112D75}.Release|Any CPU.Build.0 = Release|Any CPU
		{139CD07F-1ADA-41C6-A708-9ADE1C505E70}.Debug|Any CPU.ActiveCfg = Debug|Any CPU
		{139CD07F-1ADA-41C6-A708-9ADE1C505E70}.Debug|Any CPU.Build.0 = Debug|Any CPU
		{139CD07F-1ADA-41C6-A708-9ADE1C505E70}.Release|Any CPU.ActiveCfg = Release|Any CPU
		{139CD07F-1ADA-41C6-A708-9ADE1C505E70}.Release|Any CPU.Build.0 = Release|Any CPU
		{2D3140FF-3AFB-4EDE-9374-7DFA27E8E574}.Debug|Any CPU.ActiveCfg = Debug|Any CPU
		{2D3140FF-3AFB-4EDE-9374-7DFA27E8E574}.Debug|Any CPU.Build.0 = Debug|Any CPU
		{2D3140FF-3AFB-4EDE-9374-7DFA27E8E574}.Release|Any CPU.ActiveCfg = Release|Any CPU
		{2D3140FF-3AFB-4EDE-9374-7DFA27E8E574}.Release|Any CPU.Build.0 = Release|Any CPU
		{161472B6-F172-49D9-9DB8-AA227690446D}.Debug|Any CPU.ActiveCfg = Debug|Any CPU
		{161472B6-F172-49D9-9DB8-AA227690446D}.Debug|Any CPU.Build.0 = Debug|Any CPU
		{161472B6-F172-49D9-9DB8-AA227690446D}.Release|Any CPU.ActiveCfg = Release|Any CPU
		{161472B6-F172-49D9-9DB8-AA227690446D}.Release|Any CPU.Build.0 = Release|Any CPU
	EndGlobalSection
EndGlobal
