
Microsoft Visual Studio Solution File, Format Version 12.00
Project("{FAE04EC0-301F-11D3-BF4B-00C04F79EFBC}") = "Duru.UI", "Duru.UI\Duru.UI.csproj", "{45A7728E-92AD-4413-A3DE-E8E1F6DFE62E}"
EndProject
Project("{FAE04EC0-301F-11D3-BF4B-00C04F79EFBC}") = "Duru.Application", "Duru.Application\Duru.Application.csproj", "{1099E8B4-6AA3-4862-B8D3-506DBB223117}"
EndProject
Project("{FAE04EC0-301F-11D3-BF4B-00C04F79EFBC}") = "Duru.Data", "Duru.Data\Duru.Data.csproj", "{2171798F-A237-48E6-B6B7-FC883CA78412}"
EndProject
Project("{2150E333-8FDC-42A3-9474-1A3956D46DE8}") = "src", "src", "{30DEAA13-50DD-4B0B-A4E0-179F00D76CCB}"
EndProject
Project("{2150E333-8FDC-42A3-9474-1A3956D46DE8}") = "tests", "tests", "{F7A37B67-3EAF-4127-B4EB-379C30F7E6A9}"
EndProject
Project("{FAE04EC0-301F-11D3-BF4B-00C04F79EFBC}") = "Duru.Tests", "Duru.Tests\Duru.Tests.csproj", "{7AFDD63A-AB8E-4800-9572-67369CD85299}"
EndProject
Project("{FAE04EC0-301F-11D3-BF4B-00C04F79EFBC}") = "Duru.Domain", "Duru.Domain\Duru.Domain.csproj", "{DA194E44-0A58-49E8-9A9A-8456DC380880}"
EndProject
Global
	GlobalSection(SolutionConfigurationPlatforms) = preSolution
		Debug|Any CPU = Debug|Any CPU
		Release|Any CPU = Release|Any CPU
	EndGlobalSection
	GlobalSection(ProjectConfigurationPlatforms) = postSolution
		{45A7728E-92AD-4413-A3DE-E8E1F6DFE62E}.Debug|Any CPU.ActiveCfg = Debug|Any CPU
		{45A7728E-92AD-4413-A3DE-E8E1F6DFE62E}.Debug|Any CPU.Build.0 = Debug|Any CPU
		{45A7728E-92AD-4413-A3DE-E8E1F6DFE62E}.Release|Any CPU.ActiveCfg = Release|Any CPU
		{45A7728E-92AD-4413-A3DE-E8E1F6DFE62E}.Release|Any CPU.Build.0 = Release|Any CPU
		{1099E8B4-6AA3-4862-B8D3-506DBB223117}.Debug|Any CPU.ActiveCfg = Debug|Any CPU
		{1099E8B4-6AA3-4862-B8D3-506DBB223117}.Debug|Any CPU.Build.0 = Debug|Any CPU
		{1099E8B4-6AA3-4862-B8D3-506DBB223117}.Release|Any CPU.ActiveCfg = Release|Any CPU
		{1099E8B4-6AA3-4862-B8D3-506DBB223117}.Release|Any CPU.Build.0 = Release|Any CPU
		{2171798F-A237-48E6-B6B7-FC883CA78412}.Debug|Any CPU.ActiveCfg = Debug|Any CPU
		{2171798F-A237-48E6-B6B7-FC883CA78412}.Debug|Any CPU.Build.0 = Debug|Any CPU
		{2171798F-A237-48E6-B6B7-FC883CA78412}.Release|Any CPU.ActiveCfg = Release|Any CPU
		{2171798F-A237-48E6-B6B7-FC883CA78412}.Release|Any CPU.Build.0 = Release|Any CPU
		{7AFDD63A-AB8E-4800-9572-67369CD85299}.Debug|Any CPU.ActiveCfg = Debug|Any CPU
		{7AFDD63A-AB8E-4800-9572-67369CD85299}.Debug|Any CPU.Build.0 = Debug|Any CPU
		{7AFDD63A-AB8E-4800-9572-67369CD85299}.Release|Any CPU.ActiveCfg = Release|Any CPU
		{7AFDD63A-AB8E-4800-9572-67369CD85299}.Release|Any CPU.Build.0 = Release|Any CPU
		{DA194E44-0A58-49E8-9A9A-8456DC380880}.Debug|Any CPU.ActiveCfg = Debug|Any CPU
		{DA194E44-0A58-49E8-9A9A-8456DC380880}.Debug|Any CPU.Build.0 = Debug|Any CPU
		{DA194E44-0A58-49E8-9A9A-8456DC380880}.Release|Any CPU.ActiveCfg = Release|Any CPU
		{DA194E44-0A58-49E8-9A9A-8456DC380880}.Release|Any CPU.Build.0 = Release|Any CPU
	EndGlobalSection
	GlobalSection(NestedProjects) = preSolution
		{1099E8B4-6AA3-4862-B8D3-506DBB223117} = {30DEAA13-50DD-4B0B-A4E0-179F00D76CCB}
		{2171798F-A237-48E6-B6B7-FC883CA78412} = {30DEAA13-50DD-4B0B-A4E0-179F00D76CCB}
		{45A7728E-92AD-4413-A3DE-E8E1F6DFE62E} = {30DEAA13-50DD-4B0B-A4E0-179F00D76CCB}
		{7AFDD63A-AB8E-4800-9572-67369CD85299} = {F7A37B67-3EAF-4127-B4EB-379C30F7E6A9}
		{DA194E44-0A58-49E8-9A9A-8456DC380880} = {30DEAA13-50DD-4B0B-A4E0-179F00D76CCB}
	EndGlobalSection
EndGlobal
